
Microsoft Visual Studio Solution File, Format Version 12.00
# Visual Studio Version 17
VisualStudioVersion = 17.3.32929.385
MinimumVisualStudioVersion = 10.0.40219.1
Project("{FAE04EC0-301F-11D3-BF4B-00C04F79EFBC}") = "Eshop.specs", "..\Eshop.specs\Eshop.specs.csproj", "{45784A4B-89EF-4AE8-8B9B-A3D5E1D9DBAF}"
EndProject
Global
	GlobalSection(SolutionConfigurationPlatforms) = preSolution
		Debug|Any CPU = Debug|Any CPU
		Release|Any CPU = Release|Any CPU
	EndGlobalSection
	GlobalSection(ProjectConfigurationPlatforms) = postSolution
		{45784A4B-89EF-4AE8-8B9B-A3D5E1D9DBAF}.Debug|Any CPU.ActiveCfg = Debug|Any CPU
		{45784A4B-89EF-4AE8-8B9B-A3D5E1D9DBAF}.Debug|Any CPU.Build.0 = Debug|Any CPU
		{45784A4B-89EF-4AE8-8B9B-A3D5E1D9DBAF}.Release|Any CPU.ActiveCfg = Release|Any CPU
		{45784A4B-89EF-4AE8-8B9B-A3D5E1D9DBAF}.Release|Any CPU.Build.0 = Release|Any CPU
	EndGlobalSection
	GlobalSection(SolutionProperties) = preSolution
		HideSolutionNode = FALSE
	EndGlobalSection
	GlobalSection(ExtensibilityGlobals) = postSolution
		SolutionGuid = {259A781B-E8EE-412F-B4E1-55951C1C8D50}
	EndGlobalSection
EndGlobal
